
Microsoft Visual Studio Solution File, Format Version 12.00
# Visual Studio Version 17
VisualStudioVersion = 17.13.35818.85
MinimumVisualStudioVersion = 10.0.40219.1
Project("{FAE04EC0-301F-11D3-BF4B-00C04F79EFBC}") = "Tienda_De_Ropa", "Tienda_De_Ropa.csproj", "{11BCC190-17E5-470C-9922-D362AD515E2B}"
EndProject
Project("{FAE04EC0-301F-11D3-BF4B-00C04F79EFBC}") = "BLL", "..\BLL\BLL.csproj", "{1B78270F-6FF2-47C2-9A08-F4B72A1D22F1}"
EndProject
Project("{FAE04EC0-301F-11D3-BF4B-00C04F79EFBC}") = "DAL", "..\DAL\DAL.csproj", "{405E5E59-9CD0-4F9C-B71B-1B480F1EEF9D}"
EndProject
Global
	GlobalSection(SolutionConfigurationPlatforms) = preSolution
		Debug|Any CPU = Debug|Any CPU
		Release|Any CPU = Release|Any CPU
	EndGlobalSection
	GlobalSection(ProjectConfigurationPlatforms) = postSolution
		{11BCC190-17E5-470C-9922-D362AD515E2B}.Debug|Any CPU.ActiveCfg = Debug|Any CPU
		{11BCC190-17E5-470C-9922-D362AD515E2B}.Debug|Any CPU.Build.0 = Debug|Any CPU
		{11BCC190-17E5-470C-9922-D362AD515E2B}.Release|Any CPU.ActiveCfg = Release|Any CPU
		{11BCC190-17E5-470C-9922-D362AD515E2B}.Release|Any CPU.Build.0 = Release|Any CPU
		{1B78270F-6FF2-47C2-9A08-F4B72A1D22F1}.Debug|Any CPU.ActiveCfg = Debug|Any CPU
		{1B78270F-6FF2-47C2-9A08-F4B72A1D22F1}.Debug|Any CPU.Build.0 = Debug|Any CPU
		{1B78270F-6FF2-47C2-9A08-F4B72A1D22F1}.Release|Any CPU.ActiveCfg = Release|Any CPU
		{1B78270F-6FF2-47C2-9A08-F4B72A1D22F1}.Release|Any CPU.Build.0 = Release|Any CPU
		{405E5E59-9CD0-4F9C-B71B-1B480F1EEF9D}.Debug|Any CPU.ActiveCfg = Debug|Any CPU
		{405E5E59-9CD0-4F9C-B71B-1B480F1EEF9D}.Debug|Any CPU.Build.0 = Debug|Any CPU
		{405E5E59-9CD0-4F9C-B71B-1B480F1EEF9D}.Release|Any CPU.ActiveCfg = Release|Any CPU
		{405E5E59-9CD0-4F9C-B71B-1B480F1EEF9D}.Release|Any CPU.Build.0 = Release|Any CPU
	EndGlobalSection
	GlobalSection(SolutionProperties) = preSolution
		HideSolutionNode = FALSE
	EndGlobalSection
	GlobalSection(ExtensibilityGlobals) = postSolution
		SolutionGuid = {42808471-0842-40D1-A3CC-11621227F71D}
	EndGlobalSection
EndGlobal
